{
  "version": 4,
  "terraform_version": "1.3.7",
  "serial": 4,
  "lineage": "4c6177d9-0410-668a-dd12-10f18b13ae20",
  "outputs": {},
  "resources": [
    {
      "module": "module.vpc",
      "mode": "managed",
      "type": "google_compute_network",
      "name": "network",
      "provider": "provider[\"registry.terraform.io/hashicorp/google\"]",
      "instances": [
        {
          "schema_version": 0,
          "attributes": {
            "auto_create_subnetworks": false,
            "delete_default_routes_on_create": false,
            "description": "",
            "enable_ula_internal_ipv6": false,
            "gateway_ipv4": "",
            "id": "projects/learn-kube-hard-way-dmazin/global/networks/kubernetes-the-hard-way",
            "internal_ipv6_range": "",
            "mtu": 0,
            "name": "kubernetes-the-hard-way",
            "project": "learn-kube-hard-way-dmazin",
            "routing_mode": "GLOBAL",
            "self_link": "https://www.googleapis.com/compute/v1/projects/learn-kube-hard-way-dmazin/global/networks/kubernetes-the-hard-way",
            "timeouts": null
          },
          "sensitive_attributes": [],
          "private": "eyJlMmJmYjczMC1lY2FhLTExZTYtOGY4OC0zNDM2M2JjN2M0YzAiOnsiY3JlYXRlIjoxMjAwMDAwMDAwMDAwLCJkZWxldGUiOjEyMDAwMDAwMDAwMDAsInVwZGF0ZSI6MTIwMDAwMDAwMDAwMH19"
        }
      ]
    }
  ],
  "check_results": null
}
